





{
  "name": "bookstore_test",
  "version": "1.0.0",
  "lockfileVersion": 3,
  "requires": true,
  "packages": {
    "": {
      "name": "bookstore_test",
      "version": "1.0.0",
      "license": "ISC",
      "dependencies": {
        "playwright": "^1.55.0"
      },
      "devDependencies": {
        "@cucumber/cucumber": "^12.2.0",
        "@playwright/test": "^1.55.0",
        "@types/node": "^24.3.1",
        "@wdio/cli": "^9.19.2",
        "@wdio/cucumber-framework": "^9.19.2",
        "@wdio/local-runner": "^9.19.2",
        "@wdio/spec-reporter": "^9.19.2",
        "chai": "^6.0.1",
        "webdriverio": "^9.19.2"
      }
    },
    ...
  }
}